// !$*UTF8*$!
{
	archiveVersion = 1;
	classes = {
	};
	objectVersion = 56;
	objects = {

/* Begin PBXBuildFile section */
		44B60B972A02FD2400ED7208 /* AppDelegate.swift in Sources */ = {isa = PBXBuildFile; fileRef = 44B60B962A02FD2400ED7208 /* AppDelegate.swift */; };
		44B60B992A02FD2400ED7208 /* SceneDelegate.swift in Sources */ = {isa = PBXBuildFile; fileRef = 44B60B982A02FD2400ED7208 /* SceneDelegate.swift */; };
		44B60B9B2A02FD2400ED7208 /* ViewController.swift in Sources */ = {isa = PBXBuildFile; fileRef = 44B60B9A2A02FD2400ED7208 /* ViewController.swift */; };
		44B60B9E2A02FD2400ED7208 /* Main.storyboard in Resources */ = {isa = PBXBuildFile; fileRef = 44B60B9C2A02FD2400ED7208 /* Main.storyboard */; };
		44B60BA12A02FD2400ED7208 /* Imagineer.xcdatamodeld in Sources */ = {isa = PBXBuildFile; fileRef = 44B60B9F2A02FD2400ED7208 /* Imagineer.xcdatamodeld */; };
		44B60BA32A02FD2500ED7208 /* Assets.xcassets in Resources */ = {isa = PBXBuildFile; fileRef = 44B60BA22A02FD2500ED7208 /* Assets.xcassets */; };
		44B60BA62A02FD2500ED7208 /* LaunchScreen.storyboard in Resources */ = {isa = PBXBuildFile; fileRef = 44B60BA42A02FD2500ED7208 /* LaunchScreen.storyboard */; };
		44B60BB12A02FD2500ED7208 /* ImagineerTests.swift in Sources */ = {isa = PBXBuildFile; fileRef = 44B60BB02A02FD2500ED7208 /* ImagineerTests.swift */; };
		44B60BBB2A02FD2500ED7208 /* ImagineerUITests.swift in Sources */ = {isa = PBXBuildFile; fileRef = 44B60BBA2A02FD2500ED7208 /* ImagineerUITests.swift */; };
		44B60BBD2A02FD2500ED7208 /* ImagineerUITestsLaunchTests.swift in Sources */ = {isa = PBXBuildFile; fileRef = 44B60BBC2A02FD2500ED7208 /* ImagineerUITestsLaunchTests.swift */; };
/* End PBXBuildFile section */

/* Begin PBXContainerItemProxy section */
		44B60BAD2A02FD2500ED7208 /* PBXContainerItemProxy */ = {
			isa = PBXContainerItemProxy;
			containerPortal = 44B60B8B2A02FD2400ED7208 /* Project object */;
			proxyType = 1;
			remoteGlobalIDString = 44B60B922A02FD2400ED7208;
			remoteInfo = Imagineer;
		};
		44B60BB72A02FD2500ED7208 /* PBXContainerItemProxy */ = {
			isa = PBXContainerItemProxy;
			containerPortal = 44B60B8B2A02FD2400ED7208 /* Project object */;
			proxyType = 1;
			remoteGlobalIDString = 44B60B922A02FD2400ED7208;
			remoteInfo = Imagineer;
		};
/* End PBXContainerItemProxy section */

/* Begin PBXFileReference section */
		44B60B932A02FD2400ED7208 /* Imagineer.app */ = {isa = PBXFileReference; explicitFileType = wrapper.application; includeInIndex = 0; path = Imagineer.app; sourceTree = BUILT_PRODUCTS_DIR; };
		44B60B962A02FD2400ED7208 /* AppDelegate.swift */ = {isa = PBXFileReference; lastKnownFileType = sourcecode.swift; path = AppDelegate.swift; sourceTree = "<group>"; };
		44B60B982A02FD2400ED7208 /* SceneDelegate.swift */ = {isa = PBXFileReference; lastKnownFileType = sourcecode.swift; path = SceneDelegate.swift; sourceTree = "<group>"; };
		44B60B9A2A02FD2400ED7208 /* ViewController.swift */ = {isa = PBXFileReference; lastKnownFileType = sourcecode.swift; path = ViewController.swift; sourceTree = "<group>"; };
		44B60B9D2A02FD2400ED7208 /* Base */ = {isa = PBXFileReference; lastKnownFileType = file.storyboard; name = Base; path = Base.lproj/Main.storyboard; sourceTree = "<group>"; };
		44B60BA02A02FD2400ED7208 /* Imagineer.xcdatamodel */ = {isa = PBXFileReference; lastKnownFileType = wrapper.xcdatamodel; path = Imagineer.xcdatamodel; sourceTree = "<group>"; };
		44B60BA22A02FD2500ED7208 /* Assets.xcassets */ = {isa = PBXFileReference; lastKnownFileType = folder.assetcatalog; path = Assets.xcassets; sourceTree = "<group>"; };
		44B60BA52A02FD2500ED7208 /* Base */ = {isa = PBXFileReference; lastKnownFileType = file.storyboard; name = Base; path = Base.lproj/LaunchScreen.storyboard; sourceTree = "<group>"; };
		44B60BA72A02FD2500ED7208 /* Info.plist */ = {isa = PBXFileReference; lastKnownFileType = text.plist.xml; path = Info.plist; sourceTree = "<group>"; };
		44B60BAC2A02FD2500ED7208 /* ImagineerTests.xctest */ = {isa = PBXFileReference; explicitFileType = wrapper.cfbundle; includeInIndex = 0; path = ImagineerTests.xctest; sourceTree = BUILT_PRODUCTS_DIR; };
		44B60BB02A02FD2500ED7208 /* ImagineerTests.swift */ = {isa = PBXFileReference; lastKnownFileType = sourcecode.swift; path = ImagineerTests.swift; sourceTree = "<group>"; };
		44B60BB62A02FD2500ED7208 /* ImagineerUITests.xctest */ = {isa = PBXFileReference; explicitFileType = wrapper.cfbundle; includeInIndex = 0; path = ImagineerUITests.xctest; sourceTree = BUILT_PRODUCTS_DIR; };
		44B60BBA2A02FD2500ED7208 /* ImagineerUITests.swift */ = {isa = PBXFileReference; lastKnownFileType = sourcecode.swift; path = ImagineerUITests.swift; sourceTree = "<group>"; };
		44B60BBC2A02FD2500ED7208 /* ImagineerUITestsLaunchTests.swift */ = {isa = PBXFileReference; lastKnownFileType = sourcecode.swift; path = ImagineerUITestsLaunchTests.swift; sourceTree = "<group>"; };
/* End PBXFileReference section */

/* Begin PBXFrameworksBuildPhase section */
		44B60B902A02FD2400ED7208 /* Frameworks */ = {
			isa = PBXFrameworksBuildPhase;
			buildActionMask = 2147483647;
			files = (
			);
			runOnlyForDeploymentPostprocessing = 0;
		};
		44B60BA92A02FD2500ED7208 /* Frameworks */ = {
			isa = PBXFrameworksBuildPhase;
			buildActionMask = 2147483647;
			files = (
			);
			runOnlyForDeploymentPostprocessing = 0;
		};
		44B60BB32A02FD2500ED7208 /* Frameworks */ = {
			isa = PBXFrameworksBuildPhase;
			buildActionMask = 2147483647;
			files = (
			);
			runOnlyForDeploymentPostprocessing = 0;
		};
/* End PBXFrameworksBuildPhase section */

/* Begin PBXGroup section */
		44B60B8A2A02FD2400ED7208 = {
			isa = PBXGroup;
			children = (
				44B60B952A02FD2400ED7208 /* Imagineer */,
				44B60BAF2A02FD2500ED7208 /* ImagineerTests */,
				44B60BB92A02FD2500ED7208 /* ImagineerUITests */,
				44B60B942A02FD2400ED7208 /* Products */,
			);
			sourceTree = "<group>";
		};
		44B60B942A02FD2400ED7208 /* Products */ = {
			isa = PBXGroup;
			children = (
				44B60B932A02FD2400ED7208 /* Imagineer.app */,
				44B60BAC2A02FD2500ED7208 /* ImagineerTests.xctest */,
				44B60BB62A02FD2500ED7208 /* ImagineerUITests.xctest */,
			);
			name = Products;
			sourceTree = "<group>";
		};
		44B60B952A02FD2400ED7208 /* Imagineer */ = {
			isa = PBXGroup;
			children = (
				44B60B962A02FD2400ED7208 /* AppDelegate.swift */,
				44B60B982A02FD2400ED7208 /* SceneDelegate.swift */,
				44B60B9A2A02FD2400ED7208 /* ViewController.swift */,
				44B60B9C2A02FD2400ED7208 /* Main.storyboard */,
				44B60BA22A02FD2500ED7208 /* Assets.xcassets */,
				44B60BA42A02FD2500ED7208 /* LaunchScreen.storyboard */,
				44B60BA72A02FD2500ED7208 /* Info.plist */,
				44B60B9F2A02FD2400ED7208 /* Imagineer.xcdatamodeld */,
			);
			path = Imagineer;
			sourceTree = "<group>";
		};
		44B60BAF2A02FD2500ED7208 /* ImagineerTests */ = {
			isa = PBXGroup;
			children = (
				44B60BB02A02FD2500ED7208 /* ImagineerTests.swift */,
			);
			path = ImagineerTests;
			sourceTree = "<group>";
		};
		44B60BB92A02FD2500ED7208 /* ImagineerUITests */ = {
			isa = PBXGroup;
			children = (
				44B60BBA2A02FD2500ED7208 /* ImagineerUITests.swift */,
				44B60BBC2A02FD2500ED7208 /* ImagineerUITestsLaunchTests.swift */,
			);
			path = ImagineerUITests;
			sourceTree = "<group>";
		};
/* End PBXGroup section */

/* Begin PBXNativeTarget section */
		44B60B922A02FD2400ED7208 /* Imagineer */ = {
			isa = PBXNativeTarget;
			buildConfigurationList = 44B60BC02A02FD2500ED7208 /* Build configuration list for PBXNativeTarget "Imagineer" */;
			buildPhases = (
				44B60B8F2A02FD2400ED7208 /* Sources */,
				44B60B902A02FD2400ED7208 /* Frameworks */,
				44B60B912A02FD2400ED7208 /* Resources */,
			);
			buildRules = (
			);
			dependencies = (
			);
			name = Imagineer;
			productName = Imagineer;
			productReference = 44B60B932A02FD2400ED7208 /* Imagineer.app */;
			productType = "com.apple.product-type.application";
		};
		44B60BAB2A02FD2500ED7208 /* ImagineerTests */ = {
			isa = PBXNativeTarget;
			buildConfigurationList = 44B60BC32A02FD2500ED7208 /* Build configuration list for PBXNativeTarget "ImagineerTests" */;
			buildPhases = (
				44B60BA82A02FD2500ED7208 /* Sources */,
				44B60BA92A02FD2500ED7208 /* Frameworks */,
				44B60BAA2A02FD2500ED7208 /* Resources */,
			);
			buildRules = (
			);
			dependencies = (
				44B60BAE2A02FD2500ED7208 /* PBXTargetDependency */,
			);
			name = ImagineerTests;
			productName = ImagineerTests;
			productReference = 44B60BAC2A02FD2500ED7208 /* ImagineerTests.xctest */;
			productType = "com.apple.product-type.bundle.unit-test";
		};
		44B60BB52A02FD2500ED7208 /* ImagineerUITests */ = {
			isa = PBXNativeTarget;
			buildConfigurationList = 44B60BC62A02FD2500ED7208 /* Build configuration list for PBXNativeTarget "ImagineerUITests" */;
			buildPhases = (
				44B60BB22A02FD2500ED7208 /* Sources */,
				44B60BB32A02FD2500ED7208 /* Frameworks */,
				44B60BB42A02FD2500ED7208 /* Resources */,
			);
			buildRules = (
			);
			dependencies = (
				44B60BB82A02FD2500ED7208 /* PBXTargetDependency */,
			);
			name = ImagineerUITests;
			productName = ImagineerUITests;
			productReference = 44B60BB62A02FD2500ED7208 /* ImagineerUITests.xctest */;
			productType = "com.apple.product-type.bundle.ui-testing";
		};
/* End PBXNativeTarget section */

/* Begin PBXProject section */
		44B60B8B2A02FD2400ED7208 /* Project object */ = {
			isa = PBXProject;
			attributes = {
				BuildIndependentTargetsInParallel = 1;
				LastSwiftUpdateCheck = 1430;
				LastUpgradeCheck = 1430;
				TargetAttributes = {
					44B60B922A02FD2400ED7208 = {
						CreatedOnToolsVersion = 14.3;
					};
					44B60BAB2A02FD2500ED7208 = {
						CreatedOnToolsVersion = 14.3;
						TestTargetID = 44B60B922A02FD2400ED7208;
					};
					44B60BB52A02FD2500ED7208 = {
						CreatedOnToolsVersion = 14.3;
						TestTargetID = 44B60B922A02FD2400ED7208;
					};
				};
			};
			buildConfigurationList = 44B60B8E2A02FD2400ED7208 /* Build configuration list for PBXProject "Imagineer" */;
			compatibilityVersion = "Xcode 14.0";
			developmentRegion = en;
			hasScannedForEncodings = 0;
			knownRegions = (
				en,
				Base,
			);
			mainGroup = 44B60B8A2A02FD2400ED7208;
			productRefGroup = 44B60B942A02FD2400ED7208 /* Products */;
			projectDirPath = "";
			projectRoot = "";
			targets = (
				44B60B922A02FD2400ED7208 /* Imagineer */,
				44B60BAB2A02FD2500ED7208 /* ImagineerTests */,
				44B60BB52A02FD2500ED7208 /* ImagineerUITests */,
			);
		};
/* End PBXProject section */

/* Begin PBXResourcesBuildPhase section */
		44B60B912A02FD2400ED7208 /* Resources */ = {
			isa = PBXResourcesBuildPhase;
			buildActionMask = 2147483647;
			files = (
				44B60BA62A02FD2500ED7208 /* LaunchScreen.storyboard in Resources */,
				44B60BA32A02FD2500ED7208 /* Assets.xcassets in Resources */,
				44B60B9E2A02FD2400ED7208 /* Main.storyboard in Resources */,
			);
			runOnlyForDeploymentPostprocessing = 0;
		};
		44B60BAA2A02FD2500ED7208 /* Resources */ = {
			isa = PBXResourcesBuildPhase;
			buildActionMask = 2147483647;
			files = (
			);
			runOnlyForDeploymentPostprocessing = 0;
		};
		44B60BB42A02FD2500ED7208 /* Resources */ = {
			isa = PBXResourcesBuildPhase;
			buildActionMask = 2147483647;
			files = (
			);
			runOnlyForDeploymentPostprocessing = 0;
		};
/* End PBXResourcesBuildPhase section */

/* Begin PBXSourcesBuildPhase section */
		44B60B8F2A02FD2400ED7208 /* Sources */ = {
			isa = PBXSourcesBuildPhase;
			buildActionMask = 2147483647;
			files = (
				44B60B9B2A02FD2400ED7208 /* ViewController.swift in Sources */,
				44B60B972A02FD2400ED7208 /* AppDelegate.swift in Sources */,
				44B60B992A02FD2400ED7208 /* SceneDelegate.swift in Sources */,
				44B60BA12A02FD2400ED7208 /* Imagineer.xcdatamodeld in Sources */,
			);
			runOnlyForDeploymentPostprocessing = 0;
		};
		44B60BA82A02FD2500ED7208 /* Sources */ = {
			isa = PBXSourcesBuildPhase;
			buildActionMask = 2147483647;
			files = (
				44B60BB12A02FD2500ED7208 /* ImagineerTests.swift in Sources */,
			);
			runOnlyForDeploymentPostprocessing = 0;
		};
		44B60BB22A02FD2500ED7208 /* Sources */ = {
			isa = PBXSourcesBuildPhase;
			buildActionMask = 2147483647;
			files = (
				44B60BBD2A02FD2500ED7208 /* ImagineerUITestsLaunchTests.swift in Sources */,
				44B60BBB2A02FD2500ED7208 /* ImagineerUITests.swift in Sources */,
			);
			runOnlyForDeploymentPostprocessing = 0;
		};
/* End PBXSourcesBuildPhase section */

/* Begin PBXTargetDependency section */
		44B60BAE2A02FD2500ED7208 /* PBXTargetDependency */ = {
			isa = PBXTargetDependency;
			target = 44B60B922A02FD2400ED7208 /* Imagineer */;
			targetProxy = 44B60BAD2A02FD2500ED7208 /* PBXContainerItemProxy */;
		};
		44B60BB82A02FD2500ED7208 /* PBXTargetDependency */ = {
			isa = PBXTargetDependency;
			target = 44B60B922A02FD2400ED7208 /* Imagineer */;
			targetProxy = 44B60BB72A02FD2500ED7208 /* PBXContainerItemProxy */;
		};
/* End PBXTargetDependency section */

/* Begin PBXVariantGroup section */
		44B60B9C2A02FD2400ED7208 /* Main.storyboard */ = {
			isa = PBXVariantGroup;
			children = (
				44B60B9D2A02FD2400ED7208 /* Base */,
			);
			name = Main.storyboard;
			sourceTree = "<group>";
		};
		44B60BA42A02FD2500ED7208 /* LaunchScreen.storyboard */ = {
			isa = PBXVariantGroup;
			children = (
				44B60BA52A02FD2500ED7208 /* Base */,
			);
			name = LaunchScreen.storyboard;
			sourceTree = "<group>";
		};
/* End PBXVariantGroup section */

/* Begin XCBuildConfiguration section */
		44B60BBE2A02FD2500ED7208 /* Debug */ = {
			isa = XCBuildConfiguration;
			buildSettings = {
				ALWAYS_SEARCH_USER_PATHS = NO;
				CLANG_ANALYZER_NONNULL = YES;
				CLANG_ANALYZER_NUMBER_OBJECT_CONVERSION = YES_AGGRESSIVE;
				CLANG_CXX_LANGUAGE_STANDARD = "gnu++20";
				CLANG_ENABLE_MODULES = YES;
				CLANG_ENABLE_OBJC_ARC = YES;
				CLANG_ENABLE_OBJC_WEAK = YES;
				CLANG_WARN_BLOCK_CAPTURE_AUTORELEASING = YES;
				CLANG_WARN_BOOL_CONVERSION = YES;
				CLANG_WARN_COMMA = YES;
				CLANG_WARN_CONSTANT_CONVERSION = YES;
				CLANG_WARN_DEPRECATED_OBJC_IMPLEMENTATIONS = YES;
				CLANG_WARN_DIRECT_OBJC_ISA_USAGE = YES_ERROR;
				CLANG_WARN_DOCUMENTATION_COMMENTS = YES;
				CLANG_WARN_EMPTY_BODY = YES;
				CLANG_WARN_ENUM_CONVERSION = YES;
				CLANG_WARN_INFINITE_RECURSION = YES;
				CLANG_WARN_INT_CONVERSION = YES;
				CLANG_WARN_NON_LITERAL_NULL_CONVERSION = YES;
				CLANG_WARN_OBJC_IMPLICIT_RETAIN_SELF = YES;
				CLANG_WARN_OBJC_LITERAL_CONVERSION = YES;
				CLANG_WARN_OBJC_ROOT_CLASS = YES_ERROR;
				CLANG_WARN_QUOTED_INCLUDE_IN_FRAMEWORK_HEADER = YES;
				CLANG_WARN_RANGE_LOOP_ANALYSIS = YES;
				CLANG_WARN_STRICT_PROTOTYPES = YES;
				CLANG_WARN_SUSPICIOUS_MOVE = YES;
				CLANG_WARN_UNGUARDED_AVAILABILITY = YES_AGGRESSIVE;
				CLANG_WARN_UNREACHABLE_CODE = YES;
				CLANG_WARN__DUPLICATE_METHOD_MATCH = YES;
				COPY_PHASE_STRIP = NO;
				DEBUG_INFORMATION_FORMAT = dwarf;
				ENABLE_STRICT_OBJC_MSGSEND = YES;
				ENABLE_TESTABILITY = YES;
				GCC_C_LANGUAGE_STANDARD = gnu11;
				GCC_DYNAMIC_NO_PIC = NO;
				GCC_NO_COMMON_BLOCKS = YES;
				GCC_OPTIMIZATION_LEVEL = 0;
				GCC_PREPROCESSOR_DEFINITIONS = (
					"DEBUG=1",
					"$(inherited)",
				);
				GCC_WARN_64_TO_32_BIT_CONVERSION = YES;
				GCC_WARN_ABOUT_RETURN_TYPE = YES_ERROR;
				GCC_WARN_UNDECLARED_SELECTOR = YES;
				GCC_WARN_UNINITIALIZED_AUTOS = YES_AGGRESSIVE;
				GCC_WARN_UNUSED_FUNCTION = YES;
				GCC_WARN_UNUSED_VARIABLE = YES;
				IPHONEOS_DEPLOYMENT_TARGET = 16.4;
				MTL_ENABLE_DEBUG_INFO = INCLUDE_SOURCE;
				MTL_FAST_MATH = YES;
				ONLY_ACTIVE_ARCH = YES;
				SDKROOT = iphoneos;
				SWIFT_ACTIVE_COMPILATION_CONDITIONS = DEBUG;
				SWIFT_OPTIMIZATION_LEVEL = "-Onone";
			};
			name = Debug;
		};
		44B60BBF2A02FD2500ED7208 /* Release */ = {
			isa = XCBuildConfiguration;
			buildSettings = {
				ALWAYS_SEARCH_USER_PATHS = NO;
				CLANG_ANALYZER_NONNULL = YES;
				CLANG_ANALYZER_NUMBER_OBJECT_CONVERSION = YES_AGGRESSIVE;
				CLANG_CXX_LANGUAGE_STANDARD = "gnu++20";
				CLANG_ENABLE_MODULES = YES;
				CLANG_ENABLE_OBJC_ARC = YES;
				CLANG_ENABLE_OBJC_WEAK = YES;
				CLANG_WARN_BLOCK_CAPTURE_AUTORELEASING = YES;
				CLANG_WARN_BOOL_CONVERSION = YES;
				CLANG_WARN_COMMA = YES;
				CLANG_WARN_CONSTANT_CONVERSION = YES;
				CLANG_WARN_DEPRECATED_OBJC_IMPLEMENTATIONS = YES;
				CLANG_WARN_DIRECT_OBJC_ISA_USAGE = YES_ERROR;
				CLANG_WARN_DOCUMENTATION_COMMENTS = YES;
				CLANG_WARN_EMPTY_BODY = YES;
				CLANG_WARN_ENUM_CONVERSION = YES;
				CLANG_WARN_INFINITE_RECURSION = YES;
				CLANG_WARN_INT_CONVERSION = YES;
				CLANG_WARN_NON_LITERAL_NULL_CONVERSION = YES;
				CLANG_WARN_OBJC_IMPLICIT_RETAIN_SELF = YES;
				CLANG_WARN_OBJC_LITERAL_CONVERSION = YES;
				CLANG_WARN_OBJC_ROOT_CLASS = YES_ERROR;
				CLANG_WARN_QUOTED_INCLUDE_IN_FRAMEWORK_HEADER = YES;
				CLANG_WARN_RANGE_LOOP_ANALYSIS = YES;
				CLANG_WARN_STRICT_PROTOTYPES = YES;
				CLANG_WARN_SUSPICIOUS_MOVE = YES;
				CLANG_WARN_UNGUARDED_AVAILABILITY = YES_AGGRESSIVE;
				CLANG_WARN_UNREACHABLE_CODE = YES;
				CLANG_WARN__DUPLICATE_METHOD_MATCH = YES;
				COPY_PHASE_STRIP = NO;
				DEBUG_INFORMATION_FORMAT = "dwarf-with-dsym";
				ENABLE_NS_ASSERTIONS = NO;
				ENABLE_STRICT_OBJC_MSGSEND = YES;
				GCC_C_LANGUAGE_STANDARD = gnu11;
				GCC_NO_COMMON_BLOCKS = YES;
				GCC_WARN_64_TO_32_BIT_CONVERSION = YES;
				GCC_WARN_ABOUT_RETURN_TYPE = YES_ERROR;
				GCC_WARN_UNDECLARED_SELECTOR = YES;
				GCC_WARN_UNINITIALIZED_AUTOS = YES_AGGRESSIVE;
				GCC_WARN_UNUSED_FUNCTION = YES;
				GCC_WARN_UNUSED_VARIABLE = YES;
				IPHONEOS_DEPLOYMENT_TARGET = 16.4;
				MTL_ENABLE_DEBUG_INFO = NO;
				MTL_FAST_MATH = YES;
				SDKROOT = iphoneos;
				SWIFT_COMPILATION_MODE = wholemodule;
				SWIFT_OPTIMIZATION_LEVEL = "-O";
				VALIDATE_PRODUCT = YES;
			};
			name = Release;
		};
		44B60BC12A02FD2500ED7208 /* Debug */ = {
			isa = XCBuildConfiguration;
			buildSettings = {
				ASSETCATALOG_COMPILER_APPICON_NAME = AppIcon;
				ASSETCATALOG_COMPILER_GLOBAL_ACCENT_COLOR_NAME = AccentColor;
				CODE_SIGN_STYLE = Automatic;
				CURRENT_PROJECT_VERSION = 1;
				DEVELOPMENT_TEAM = USDCL8J49X;
				GENERATE_INFOPLIST_FILE = YES;
				INFOPLIST_FILE = Imagineer/Info.plist;
				INFOPLIST_KEY_UIApplicationSupportsIndirectInputEvents = YES;
				INFOPLIST_KEY_UILaunchStoryboardName = LaunchScreen;
				INFOPLIST_KEY_UIMainStoryboardFile = Main;
				INFOPLIST_KEY_UISupportedInterfaceOrientations_iPad = "UIInterfaceOrientationPortrait UIInterfaceOrientationPortraitUpsideDown UIInterfaceOrientationLandscapeLeft UIInterfaceOrientationLandscapeRight";
				INFOPLIST_KEY_UISupportedInterfaceOrientations_iPhone = "UIInterfaceOrientationPortrait UIInterfaceOrientationLandscapeLeft UIInterfaceOrientationLandscapeRight";
				LD_RUNPATH_SEARCH_PATHS = (
					"$(inherited)",
					"@executable_path/Frameworks",
				);
				MARKETING_VERSION = 1.0;
				PRODUCT_BUNDLE_IDENTIFIER = com.amoriodi.Imagineer;
				PRODUCT_NAME = "$(TARGET_NAME)";
				SWIFT_EMIT_LOC_STRINGS = YES;
				SWIFT_VERSION = 5.0;
				TARGETED_DEVICE_FAMILY = "1,2";
			};
			name = Debug;
		};
		44B60BC22A02FD2500ED7208 /* Release */ = {
			isa = XCBuildConfiguration;
			buildSettings = {
				ASSETCATALOG_COMPILER_APPICON_NAME = AppIcon;
				ASSETCATALOG_COMPILER_GLOBAL_ACCENT_COLOR_NAME = AccentColor;
				CODE_SIGN_STYLE = Automatic;
				CURRENT_PROJECT_VERSION = 1;
				DEVELOPMENT_TEAM = USDCL8J49X;
				GENERATE_INFOPLIST_FILE = YES;
				INFOPLIST_FILE = Imagineer/Info.plist;
				INFOPLIST_KEY_UIApplicationSupportsIndirectInputEvents = YES;
				INFOPLIST_KEY_UILaunchStoryboardName = LaunchScreen;
				INFOPLIST_KEY_UIMainStoryboardFile = Main;
				INFOPLIST_KEY_UISupportedInterfaceOrientations_iPad = "UIInterfaceOrientationPortrait UIInterfaceOrientationPortraitUpsideDown UIInterfaceOrientationLandscapeLeft UIInterfaceOrientationLandscapeRight";
				INFOPLIST_KEY_UISupportedInterfaceOrientations_iPhone = "UIInterfaceOrientationPortrait UIInterfaceOrientationLandscapeLeft UIInterfaceOrientationLandscapeRight";
				LD_RUNPATH_SEARCH_PATHS = (
					"$(inherited)",
					"@executable_path/Frameworks",
				);
				MARKETING_VERSION = 1.0;
				PRODUCT_BUNDLE_IDENTIFIER = com.amoriodi.Imagineer;
				PRODUCT_NAME = "$(TARGET_NAME)";
				SWIFT_EMIT_LOC_STRINGS = YES;
				SWIFT_VERSION = 5.0;
				TARGETED_DEVICE_FAMILY = "1,2";
			};
			name = Release;
		};
		44B60BC42A02FD2500ED7208 /* Debug */ = {
			isa = XCBuildConfiguration;
			buildSettings = {
				ALWAYS_EMBED_SWIFT_STANDARD_LIBRARIES = YES;
				BUNDLE_LOADER = "$(TEST_HOST)";
				CODE_SIGN_STYLE = Automatic;
				CURRENT_PROJECT_VERSION = 1;
				DEVELOPMENT_TEAM = USDCL8J49X;
				GENERATE_INFOPLIST_FILE = YES;
				IPHONEOS_DEPLOYMENT_TARGET = 16.4;
				MARKETING_VERSION = 1.0;
				PRODUCT_BUNDLE_IDENTIFIER = com.amoriodi.ImagineerTests;
				PRODUCT_NAME = "$(TARGET_NAME)";
				SWIFT_EMIT_LOC_STRINGS = NO;
				SWIFT_VERSION = 5.0;
				TARGETED_DEVICE_FAMILY = "1,2";
				TEST_HOST = "$(BUILT_PRODUCTS_DIR)/Imagineer.app/$(BUNDLE_EXECUTABLE_FOLDER_PATH)/Imagineer";
			};
			name = Debug;
		};
		44B60BC52A02FD2500ED7208 /* Release */ = {
			isa = XCBuildConfiguration;
			buildSettings = {
				ALWAYS_EMBED_SWIFT_STANDARD_LIBRARIES = YES;
				BUNDLE_LOADER = "$(TEST_HOST)";
				CODE_SIGN_STYLE = Automatic;
				CURRENT_PROJECT_VERSION = 1;
				DEVELOPMENT_TEAM = USDCL8J49X;
				GENERATE_INFOPLIST_FILE = YES;
				IPHONEOS_DEPLOYMENT_TARGET = 16.4;
				MARKETING_VERSION = 1.0;
				PRODUCT_BUNDLE_IDENTIFIER = com.amoriodi.ImagineerTests;
				PRODUCT_NAME = "$(TARGET_NAME)";
				SWIFT_EMIT_LOC_STRINGS = NO;
				SWIFT_VERSION = 5.0;
				TARGETED_DEVICE_FAMILY = "1,2";
				TEST_HOST = "$(BUILT_PRODUCTS_DIR)/Imagineer.app/$(BUNDLE_EXECUTABLE_FOLDER_PATH)/Imagineer";
			};
			name = Release;
		};
		44B60BC72A02FD2500ED7208 /* Debug */ = {
			isa = XCBuildConfiguration;
			buildSettings = {
				ALWAYS_EMBED_SWIFT_STANDARD_LIBRARIES = YES;
				CODE_SIGN_STYLE = Automatic;
				CURRENT_PROJECT_VERSION = 1;
				DEVELOPMENT_TEAM = USDCL8J49X;
				GENERATE_INFOPLIST_FILE = YES;
				MARKETING_VERSION = 1.0;
				PRODUCT_BUNDLE_IDENTIFIER = com.amoriodi.ImagineerUITests;
				PRODUCT_NAME = "$(TARGET_NAME)";
				SWIFT_EMIT_LOC_STRINGS = NO;
				SWIFT_VERSION = 5.0;
				TARGETED_DEVICE_FAMILY = "1,2";
				TEST_TARGET_NAME = Imagineer;
			};
			name = Debug;
		};
		44B60BC82A02FD2500ED7208 /* Release */ = {
			isa = XCBuildConfiguration;
			buildSettings = {
				ALWAYS_EMBED_SWIFT_STANDARD_LIBRARIES = YES;
				CODE_SIGN_STYLE = Automatic;
				CURRENT_PROJECT_VERSION = 1;
				DEVELOPMENT_TEAM = USDCL8J49X;
				GENERATE_INFOPLIST_FILE = YES;
				MARKETING_VERSION = 1.0;
				PRODUCT_BUNDLE_IDENTIFIER = com.amoriodi.ImagineerUITests;
				PRODUCT_NAME = "$(TARGET_NAME)";
				SWIFT_EMIT_LOC_STRINGS = NO;
				SWIFT_VERSION = 5.0;
				TARGETED_DEVICE_FAMILY = "1,2";
				TEST_TARGET_NAME = Imagineer;
			};
			name = Release;
		};
/* End XCBuildConfiguration section */

/* Begin XCConfigurationList section */
		44B60B8E2A02FD2400ED7208 /* Build configuration list for PBXProject "Imagineer" */ = {
			isa = XCConfigurationList;
			buildConfigurations = (
				44B60BBE2A02FD2500ED7208 /* Debug */,
				44B60BBF2A02FD2500ED7208 /* Release */,
			);
			defaultConfigurationIsVisible = 0;
			defaultConfigurationName = Release;
		};
		44B60BC02A02FD2500ED7208 /* Build configuration list for PBXNativeTarget "Imagineer" */ = {
			isa = XCConfigurationList;
			buildConfigurations = (
				44B60BC12A02FD2500ED7208 /* Debug */,
				44B60BC22A02FD2500ED7208 /* Release */,
			);
			defaultConfigurationIsVisible = 0;
			defaultConfigurationName = Release;
		};
		44B60BC32A02FD2500ED7208 /* Build configuration list for PBXNativeTarget "ImagineerTests" */ = {
			isa = XCConfigurationList;
			buildConfigurations = (
				44B60BC42A02FD2500ED7208 /* Debug */,
				44B60BC52A02FD2500ED7208 /* Release */,
			);
			defaultConfigurationIsVisible = 0;
			defaultConfigurationName = Release;
		};
		44B60BC62A02FD2500ED7208 /* Build configuration list for PBXNativeTarget "ImagineerUITests" */ = {
			isa = XCConfigurationList;
			buildConfigurations = (
				44B60BC72A02FD2500ED7208 /* Debug */,
				44B60BC82A02FD2500ED7208 /* Release */,
			);
			defaultConfigurationIsVisible = 0;
			defaultConfigurationName = Release;
		};
/* End XCConfigurationList section */

/* Begin XCVersionGroup section */
		44B60B9F2A02FD2400ED7208 /* Imagineer.xcdatamodeld */ = {
			isa = XCVersionGroup;
			children = (
				44B60BA02A02FD2400ED7208 /* Imagineer.xcdatamodel */,
			);
			currentVersion = 44B60BA02A02FD2400ED7208 /* Imagineer.xcdatamodel */;
			path = Imagineer.xcdatamodeld;
			sourceTree = "<group>";
			versionGroupType = wrapper.xcdatamodel;
		};
/* End XCVersionGroup section */
	};
	rootObject = 44B60B8B2A02FD2400ED7208 /* Project object */;
}
